
Microsoft Visual Studio Solution File, Format Version 12.00
# Visual Studio 2013
VisualStudioVersion = 12.0.31101.0
MinimumVisualStudioVersion = 10.0.40219.1
Project("{FAE04EC0-301F-11D3-BF4B-00C04F79EFBC}") = "RtorrentClientWP8", "RtorrentClientWP8\RtorrentClientWP8.csproj", "{76CDC83F-C62F-4312-98D4-7A1B7F36DE46}"
EndProject
Project("{FAE04EC0-301F-11D3-BF4B-00C04F79EFBC}") = "RTorrentLib", "RTorrentLib\RTorrentLib.csproj", "{E3B5E1DE-E17F-44AE-A894-3079F8278E88}"
EndProject
Project("{FAE04EC0-301F-11D3-BF4B-00C04F79EFBC}") = "xmlrpcwp", "xmlrpcwp\xmlrpcwp.csproj", "{7238D157-41BC-4F51-B3FA-AB250CA35BFF}"
EndProject
Project("{2150E333-8FDC-42A3-9474-1A3956D46DE8}") = "WP", "WP", "{146DA2BE-E90C-49BD-BB49-75357266DE76}"
EndProject
Global
	GlobalSection(SolutionConfigurationPlatforms) = preSolution
		Debug|Any CPU = Debug|Any CPU
		Debug|ARM = Debug|ARM
		Debug|Mixed Platforms = Debug|Mixed Platforms
		Debug|Win32 = Debug|Win32
		Debug|x86 = Debug|x86
		Release|Any CPU = Release|Any CPU
		Release|ARM = Release|ARM
		Release|Mixed Platforms = Release|Mixed Platforms
		Release|Win32 = Release|Win32
		Release|x86 = Release|x86
	EndGlobalSection
	GlobalSection(ProjectConfigurationPlatforms) = postSolution
		{76CDC83F-C62F-4312-98D4-7A1B7F36DE46}.Debug|Any CPU.ActiveCfg = Debug|Any CPU
		{76CDC83F-C62F-4312-98D4-7A1B7F36DE46}.Debug|Any CPU.Build.0 = Debug|Any CPU
		{76CDC83F-C62F-4312-98D4-7A1B7F36DE46}.Debug|Any CPU.Deploy.0 = Debug|Any CPU
		{76CDC83F-C62F-4312-98D4-7A1B7F36DE46}.Debug|ARM.ActiveCfg = Debug|ARM
		{76CDC83F-C62F-4312-98D4-7A1B7F36DE46}.Debug|ARM.Build.0 = Debug|ARM
		{76CDC83F-C62F-4312-98D4-7A1B7F36DE46}.Debug|ARM.Deploy.0 = Debug|ARM
		{76CDC83F-C62F-4312-98D4-7A1B7F36DE46}.Debug|Mixed Platforms.ActiveCfg = Debug|x86
		{76CDC83F-C62F-4312-98D4-7A1B7F36DE46}.Debug|Mixed Platforms.Build.0 = Debug|x86
		{76CDC83F-C62F-4312-98D4-7A1B7F36DE46}.Debug|Mixed Platforms.Deploy.0 = Debug|x86
		{76CDC83F-C62F-4312-98D4-7A1B7F36DE46}.Debug|Win32.ActiveCfg = Debug|x86
		{76CDC83F-C62F-4312-98D4-7A1B7F36DE46}.Debug|Win32.Build.0 = Debug|x86
		{76CDC83F-C62F-4312-98D4-7A1B7F36DE46}.Debug|Win32.Deploy.0 = Debug|x86
		{76CDC83F-C62F-4312-98D4-7A1B7F36DE46}.Debug|x86.ActiveCfg = Debug|x86
		{76CDC83F-C62F-4312-98D4-7A1B7F36DE46}.Debug|x86.Build.0 = Debug|x86
		{76CDC83F-C62F-4312-98D4-7A1B7F36DE46}.Debug|x86.Deploy.0 = Debug|x86
		{76CDC83F-C62F-4312-98D4-7A1B7F36DE46}.Release|Any CPU.ActiveCfg = Release|Any CPU
		{76CDC83F-C62F-4312-98D4-7A1B7F36DE46}.Release|Any CPU.Build.0 = Release|Any CPU
		{76CDC83F-C62F-4312-98D4-7A1B7F36DE46}.Release|Any CPU.Deploy.0 = Release|Any CPU
		{76CDC83F-C62F-4312-98D4-7A1B7F36DE46}.Release|ARM.ActiveCfg = Release|ARM
		{76CDC83F-C62F-4312-98D4-7A1B7F36DE46}.Release|ARM.Build.0 = Release|ARM
		{76CDC83F-C62F-4312-98D4-7A1B7F36DE46}.Release|ARM.Deploy.0 = Release|ARM
		{76CDC83F-C62F-4312-98D4-7A1B7F36DE46}.Release|Mixed Platforms.ActiveCfg = Release|x86
		{76CDC83F-C62F-4312-98D4-7A1B7F36DE46}.Release|Mixed Platforms.Build.0 = Release|x86
		{76CDC83F-C62F-4312-98D4-7A1B7F36DE46}.Release|Mixed Platforms.Deploy.0 = Release|x86
		{76CDC83F-C62F-4312-98D4-7A1B7F36DE46}.Release|Win32.ActiveCfg = Release|x86
		{76CDC83F-C62F-4312-98D4-7A1B7F36DE46}.Release|Win32.Build.0 = Release|x86
		{76CDC83F-C62F-4312-98D4-7A1B7F36DE46}.Release|Win32.Deploy.0 = Release|x86
		{76CDC83F-C62F-4312-98D4-7A1B7F36DE46}.Release|x86.ActiveCfg = Release|x86
		{76CDC83F-C62F-4312-98D4-7A1B7F36DE46}.Release|x86.Build.0 = Release|x86
		{76CDC83F-C62F-4312-98D4-7A1B7F36DE46}.Release|x86.Deploy.0 = Release|x86
		{E3B5E1DE-E17F-44AE-A894-3079F8278E88}.Debug|Any CPU.ActiveCfg = Debug|Any CPU
		{E3B5E1DE-E17F-44AE-A894-3079F8278E88}.Debug|Any CPU.Build.0 = Debug|Any CPU
		{E3B5E1DE-E17F-44AE-A894-3079F8278E88}.Debug|ARM.ActiveCfg = Debug|ARM
		{E3B5E1DE-E17F-44AE-A894-3079F8278E88}.Debug|ARM.Build.0 = Debug|ARM
		{E3B5E1DE-E17F-44AE-A894-3079F8278E88}.Debug|Mixed Platforms.ActiveCfg = Debug|x86
		{E3B5E1DE-E17F-44AE-A894-3079F8278E88}.Debug|Mixed Platforms.Build.0 = Debug|x86
		{E3B5E1DE-E17F-44AE-A894-3079F8278E88}.Debug|Win32.ActiveCfg = Debug|x86
		{E3B5E1DE-E17F-44AE-A894-3079F8278E88}.Debug|Win32.Build.0 = Debug|x86
		{E3B5E1DE-E17F-44AE-A894-3079F8278E88}.Debug|x86.ActiveCfg = Debug|x86
		{E3B5E1DE-E17F-44AE-A894-3079F8278E88}.Debug|x86.Build.0 = Debug|x86
		{E3B5E1DE-E17F-44AE-A894-3079F8278E88}.Release|Any CPU.ActiveCfg = Release|Any CPU
		{E3B5E1DE-E17F-44AE-A894-3079F8278E88}.Release|Any CPU.Build.0 = Release|Any CPU
		{E3B5E1DE-E17F-44AE-A894-3079F8278E88}.Release|ARM.ActiveCfg = Release|ARM
		{E3B5E1DE-E17F-44AE-A894-3079F8278E88}.Release|ARM.Build.0 = Release|ARM
		{E3B5E1DE-E17F-44AE-A894-3079F8278E88}.Release|Mixed Platforms.ActiveCfg = Release|x86
		{E3B5E1DE-E17F-44AE-A894-3079F8278E88}.Release|Mixed Platforms.Build.0 = Release|x86
		{E3B5E1DE-E17F-44AE-A894-3079F8278E88}.Release|Win32.ActiveCfg = Release|x86
		{E3B5E1DE-E17F-44AE-A894-3079F8278E88}.Release|Win32.Build.0 = Release|x86
		{E3B5E1DE-E17F-44AE-A894-3079F8278E88}.Release|x86.ActiveCfg = Release|x86
		{E3B5E1DE-E17F-44AE-A894-3079F8278E88}.Release|x86.Build.0 = Release|x86
		{7238D157-41BC-4F51-B3FA-AB250CA35BFF}.Debug|Any CPU.ActiveCfg = Debug|Any CPU
		{7238D157-41BC-4F51-B3FA-AB250CA35BFF}.Debug|Any CPU.Build.0 = Debug|Any CPU
		{7238D157-41BC-4F51-B3FA-AB250CA35BFF}.Debug|ARM.ActiveCfg = Debug|ARM
		{7238D157-41BC-4F51-B3FA-AB250CA35BFF}.Debug|ARM.Build.0 = Debug|ARM
		{7238D157-41BC-4F51-B3FA-AB250CA35BFF}.Debug|Mixed Platforms.ActiveCfg = Debug|x86
		{7238D157-41BC-4F51-B3FA-AB250CA35BFF}.Debug|Mixed Platforms.Build.0 = Debug|x86
		{7238D157-41BC-4F51-B3FA-AB250CA35BFF}.Debug|Win32.ActiveCfg = Debug|x86
		{7238D157-41BC-4F51-B3FA-AB250CA35BFF}.Debug|Win32.Build.0 = Debug|x86
		{7238D157-41BC-4F51-B3FA-AB250CA35BFF}.Debug|x86.ActiveCfg = Debug|x86
		{7238D157-41BC-4F51-B3FA-AB250CA35BFF}.Debug|x86.Build.0 = Debug|x86
		{7238D157-41BC-4F51-B3FA-AB250CA35BFF}.Release|Any CPU.ActiveCfg = Release|Any CPU
		{7238D157-41BC-4F51-B3FA-AB250CA35BFF}.Release|Any CPU.Build.0 = Release|Any CPU
		{7238D157-41BC-4F51-B3FA-AB250CA35BFF}.Release|ARM.ActiveCfg = Release|ARM
		{7238D157-41BC-4F51-B3FA-AB250CA35BFF}.Release|ARM.Build.0 = Release|ARM
		{7238D157-41BC-4F51-B3FA-AB250CA35BFF}.Release|Mixed Platforms.ActiveCfg = Release|x86
		{7238D157-41BC-4F51-B3FA-AB250CA35BFF}.Release|Mixed Platforms.Build.0 = Release|x86
		{7238D157-41BC-4F51-B3FA-AB250CA35BFF}.Release|Win32.ActiveCfg = Release|x86
		{7238D157-41BC-4F51-B3FA-AB250CA35BFF}.Release|Win32.Build.0 = Release|x86
		{7238D157-41BC-4F51-B3FA-AB250CA35BFF}.Release|x86.ActiveCfg = Release|x86
		{7238D157-41BC-4F51-B3FA-AB250CA35BFF}.Release|x86.Build.0 = Release|x86
	EndGlobalSection
	GlobalSection(SolutionProperties) = preSolution
		HideSolutionNode = FALSE
	EndGlobalSection
	GlobalSection(NestedProjects) = preSolution
		{76CDC83F-C62F-4312-98D4-7A1B7F36DE46} = {146DA2BE-E90C-49BD-BB49-75357266DE76}
		{E3B5E1DE-E17F-44AE-A894-3079F8278E88} = {146DA2BE-E90C-49BD-BB49-75357266DE76}
		{7238D157-41BC-4F51-B3FA-AB250CA35BFF} = {146DA2BE-E90C-49BD-BB49-75357266DE76}
	EndGlobalSection
EndGlobal
